
Microsoft Visual Studio Solution File, Format Version 12.00
# Visual Studio 15
VisualStudioVersion = 15.0.27004.2009
MinimumVisualStudioVersion = 10.0.40219.1
Project("{FAE04EC0-301F-11D3-BF4B-00C04F79EFBC}") = "IMS.MobilePhone.ConsoleApp", "IMS.MobilePhone.ConsoleApp\IMS.MobilePhone.ConsoleApp.csproj", "{025A1EB3-2490-461C-AC20-D3067925DCA5}"
EndProject
Project("{FAE04EC0-301F-11D3-BF4B-00C04F79EFBC}") = "IMS.MobilePhone.PlaybackForm", "IMS.MobilePhone.PlaybackForm\IMS.MobilePhone.PlaybackForm.csproj", "{B1DCBD86-67D2-4BC9-8284-25F670E416C5}"
EndProject
Project("{FAE04EC0-301F-11D3-BF4B-00C04F79EFBC}") = "IMS.MobilePhone.ClassLibrary", "IMS.MobilePhone.ClassLibrary\IMS.MobilePhone.ClassLibrary.csproj", "{EB3DBEC7-762A-4950-B54A-DE6248CB6428}"
EndProject
Project("{FAE04EC0-301F-11D3-BF4B-00C04F79EFBC}") = "IMS.MobilePhone.ClassLibrary.Test", "IMS.MobilePhone.ClassLibrary.Test\IMS.MobilePhone.ClassLibrary.Test.csproj", "{EAC96471-F36E-40B5-9EE2-33E4C2D4C16D}"
EndProject
Project("{FAE04EC0-301F-11D3-BF4B-00C04F79EFBC}") = "IMS.MobilePhone.MessageForm", "IMS.MobilePhone.MessageForm\IMS.MobilePhone.MessageForm.csproj", "{F05049E6-559C-41AB-A505-3AA4671DEEEC}"
EndProject
Project("{FAE04EC0-301F-11D3-BF4B-00C04F79EFBC}") = "IMS.MobilePhone.MessageForm.Test", "IMS.MobilePhone.MessageForm.Test\IMS.MobilePhone.MessageForm.Test.csproj", "{9A5814F1-DC49-4AB7-B605-DF1B52691E7F}"
EndProject
Project("{FAE04EC0-301F-11D3-BF4B-00C04F79EFBC}") = "IMS.MobilePhone.CallsForm", "IMS.MobilePhone.CallsForm\IMS.MobilePhone.CallsForm.csproj", "{355CE22F-5DBF-4210-9DAB-1CCDBCD1C42A}"
EndProject
Global
	GlobalSection(SolutionConfigurationPlatforms) = preSolution
		Debug|Any CPU = Debug|Any CPU
		Release|Any CPU = Release|Any CPU
	EndGlobalSection
	GlobalSection(ProjectConfigurationPlatforms) = postSolution
		{025A1EB3-2490-461C-AC20-D3067925DCA5}.Debug|Any CPU.ActiveCfg = Debug|Any CPU
		{025A1EB3-2490-461C-AC20-D3067925DCA5}.Debug|Any CPU.Build.0 = Debug|Any CPU
		{025A1EB3-2490-461C-AC20-D3067925DCA5}.Release|Any CPU.ActiveCfg = Release|Any CPU
		{025A1EB3-2490-461C-AC20-D3067925DCA5}.Release|Any CPU.Build.0 = Release|Any CPU
		{B1DCBD86-67D2-4BC9-8284-25F670E416C5}.Debug|Any CPU.ActiveCfg = Debug|Any CPU
		{B1DCBD86-67D2-4BC9-8284-25F670E416C5}.Debug|Any CPU.Build.0 = Debug|Any CPU
		{B1DCBD86-67D2-4BC9-8284-25F670E416C5}.Release|Any CPU.ActiveCfg = Release|Any CPU
		{B1DCBD86-67D2-4BC9-8284-25F670E416C5}.Release|Any CPU.Build.0 = Release|Any CPU
		{EB3DBEC7-762A-4950-B54A-DE6248CB6428}.Debug|Any CPU.ActiveCfg = Debug|Any CPU
		{EB3DBEC7-762A-4950-B54A-DE6248CB6428}.Debug|Any CPU.Build.0 = Debug|Any CPU
		{EB3DBEC7-762A-4950-B54A-DE6248CB6428}.Release|Any CPU.ActiveCfg = Release|Any CPU
		{EB3DBEC7-762A-4950-B54A-DE6248CB6428}.Release|Any CPU.Build.0 = Release|Any CPU
		{EAC96471-F36E-40B5-9EE2-33E4C2D4C16D}.Debug|Any CPU.ActiveCfg = Debug|Any CPU
		{EAC96471-F36E-40B5-9EE2-33E4C2D4C16D}.Debug|Any CPU.Build.0 = Debug|Any CPU
		{EAC96471-F36E-40B5-9EE2-33E4C2D4C16D}.Release|Any CPU.ActiveCfg = Release|Any CPU
		{EAC96471-F36E-40B5-9EE2-33E4C2D4C16D}.Release|Any CPU.Build.0 = Release|Any CPU
		{F05049E6-559C-41AB-A505-3AA4671DEEEC}.Debug|Any CPU.ActiveCfg = Debug|Any CPU
		{F05049E6-559C-41AB-A505-3AA4671DEEEC}.Debug|Any CPU.Build.0 = Debug|Any CPU
		{F05049E6-559C-41AB-A505-3AA4671DEEEC}.Release|Any CPU.ActiveCfg = Release|Any CPU
		{F05049E6-559C-41AB-A505-3AA4671DEEEC}.Release|Any CPU.Build.0 = Release|Any CPU
		{9A5814F1-DC49-4AB7-B605-DF1B52691E7F}.Debug|Any CPU.ActiveCfg = Debug|Any CPU
		{9A5814F1-DC49-4AB7-B605-DF1B52691E7F}.Debug|Any CPU.Build.0 = Debug|Any CPU
		{9A5814F1-DC49-4AB7-B605-DF1B52691E7F}.Release|Any CPU.ActiveCfg = Release|Any CPU
		{9A5814F1-DC49-4AB7-B605-DF1B52691E7F}.Release|Any CPU.Build.0 = Release|Any CPU
		{355CE22F-5DBF-4210-9DAB-1CCDBCD1C42A}.Debug|Any CPU.ActiveCfg = Debug|Any CPU
		{355CE22F-5DBF-4210-9DAB-1CCDBCD1C42A}.Debug|Any CPU.Build.0 = Debug|Any CPU
		{355CE22F-5DBF-4210-9DAB-1CCDBCD1C42A}.Release|Any CPU.ActiveCfg = Release|Any CPU
		{355CE22F-5DBF-4210-9DAB-1CCDBCD1C42A}.Release|Any CPU.Build.0 = Release|Any CPU
	EndGlobalSection
	GlobalSection(SolutionProperties) = preSolution
		HideSolutionNode = FALSE
	EndGlobalSection
	GlobalSection(ExtensibilityGlobals) = postSolution
		SolutionGuid = {AD732C37-8612-4ABA-87A8-4E15BCAC66E1}
	EndGlobalSection
EndGlobal
